<<<<<<< HEAD
﻿
Microsoft Visual Studio Solution File, Format Version 12.00
# Visual Studio Version 17
VisualStudioVersion = 17.5.002.0
MinimumVisualStudioVersion = 10.0.40219.1
Project("{9A19103F-16F7-4668-BE54-9A1E7A4F7556}") = "ToDoList", "ToDoList.csproj", "{37079D21-D2AF-4877-8646-A2209B5CE026}"
EndProject
Project("{FAE04EC0-301F-11D3-BF4B-00C04F79EFBC}") = "ToDoList_Test", "..\ToDoList_Test\ToDoList_Test.csproj", "{F8234151-8E7F-4207-88C7-3B5C71EB3771}"
EndProject
Global
	GlobalSection(SolutionConfigurationPlatforms) = preSolution
		Debug|Any CPU = Debug|Any CPU
		Release|Any CPU = Release|Any CPU
	EndGlobalSection
	GlobalSection(ProjectConfigurationPlatforms) = postSolution
		{37079D21-D2AF-4877-8646-A2209B5CE026}.Debug|Any CPU.ActiveCfg = Debug|Any CPU
		{37079D21-D2AF-4877-8646-A2209B5CE026}.Debug|Any CPU.Build.0 = Debug|Any CPU
		{37079D21-D2AF-4877-8646-A2209B5CE026}.Release|Any CPU.ActiveCfg = Release|Any CPU
		{37079D21-D2AF-4877-8646-A2209B5CE026}.Release|Any CPU.Build.0 = Release|Any CPU
		{F8234151-8E7F-4207-88C7-3B5C71EB3771}.Debug|Any CPU.ActiveCfg = Debug|Any CPU
		{F8234151-8E7F-4207-88C7-3B5C71EB3771}.Debug|Any CPU.Build.0 = Debug|Any CPU
		{F8234151-8E7F-4207-88C7-3B5C71EB3771}.Release|Any CPU.ActiveCfg = Release|Any CPU
		{F8234151-8E7F-4207-88C7-3B5C71EB3771}.Release|Any CPU.Build.0 = Release|Any CPU
	EndGlobalSection
	GlobalSection(SolutionProperties) = preSolution
		HideSolutionNode = FALSE
	EndGlobalSection
	GlobalSection(ExtensibilityGlobals) = postSolution
		SolutionGuid = {88BC196D-12DF-4B41-B7B3-FCAD68F53AA7}
	EndGlobalSection
EndGlobal
=======
﻿
Microsoft Visual Studio Solution File, Format Version 12.00
# Visual Studio Version 17
VisualStudioVersion = 17.5.002.0
MinimumVisualStudioVersion = 10.0.40219.1
Project("{9A19103F-16F7-4668-BE54-9A1E7A4F7556}") = "ToDoList", "ToDoList.csproj", "{37079D21-D2AF-4877-8646-A2209B5CE026}"
EndProject
Global
	GlobalSection(SolutionConfigurationPlatforms) = preSolution
		Debug|Any CPU = Debug|Any CPU
		Release|Any CPU = Release|Any CPU
	EndGlobalSection
	GlobalSection(ProjectConfigurationPlatforms) = postSolution
		{37079D21-D2AF-4877-8646-A2209B5CE026}.Debug|Any CPU.ActiveCfg = Debug|Any CPU
		{37079D21-D2AF-4877-8646-A2209B5CE026}.Debug|Any CPU.Build.0 = Debug|Any CPU
		{37079D21-D2AF-4877-8646-A2209B5CE026}.Release|Any CPU.ActiveCfg = Release|Any CPU
		{37079D21-D2AF-4877-8646-A2209B5CE026}.Release|Any CPU.Build.0 = Release|Any CPU
	EndGlobalSection
	GlobalSection(SolutionProperties) = preSolution
		HideSolutionNode = FALSE
	EndGlobalSection
	GlobalSection(ExtensibilityGlobals) = postSolution
		SolutionGuid = {88BC196D-12DF-4B41-B7B3-FCAD68F53AA7}
	EndGlobalSection
EndGlobal
>>>>>>> 0df3ff7bcdd67abb3a637370e01cfcea36a2e8c6
