
Microsoft Visual Studio Solution File, Format Version 12.00
# Visual Studio Version 17
VisualStudioVersion = 17.5.002.0
MinimumVisualStudioVersion = 10.0.40219.1
Project("{9A19103F-16F7-4668-BE54-9A1E7A4F7556}") = "ToDoList", "ToDoList.csproj", "{37079D21-D2AF-4877-8646-A2209B5CE026}"
EndProject
Global
	GlobalSection(SolutionConfigurationPlatforms) = preSolution
		Debug|Any CPU = Debug|Any CPU
		Release|Any CPU = Release|Any CPU
	EndGlobalSection
	GlobalSection(ProjectConfigurationPlatforms) = postSolution
		{37079D21-D2AF-4877-8646-A2209B5CE026}.Debug|Any CPU.ActiveCfg = Debug|Any CPU
		{37079D21-D2AF-4877-8646-A2209B5CE026}.Debug|Any CPU.Build.0 = Debug|Any CPU
		{37079D21-D2AF-4877-8646-A2209B5CE026}.Release|Any CPU.ActiveCfg = Release|Any CPU
		{37079D21-D2AF-4877-8646-A2209B5CE026}.Release|Any CPU.Build.0 = Release|Any CPU
	EndGlobalSection
	GlobalSection(SolutionProperties) = preSolution
		HideSolutionNode = FALSE
	EndGlobalSection
	GlobalSection(ExtensibilityGlobals) = postSolution
		SolutionGuid = {88BC196D-12DF-4B41-B7B3-FCAD68F53AA7}
	EndGlobalSection
EndGlobal
